
Microsoft Visual Studio Solution File, Format Version 12.00
# Visual Studio Version 16
VisualStudioVersion = 16.0.30225.117
MinimumVisualStudioVersion = 10.0.40219.1
Project("{FAE04EC0-301F-11D3-BF4B-00C04F79EFBC}") = "Perudo", "Perudo\Perudo.csproj", "{80166592-96CC-4A23-B3AC-F1FBD087382D}"
EndProject
Global
	GlobalSection(SolutionConfigurationPlatforms) = preSolution
		Debug|Any CPU = Debug|Any CPU
		Release|Any CPU = Release|Any CPU
	EndGlobalSection
	GlobalSection(ProjectConfigurationPlatforms) = postSolution
		{80166592-96CC-4A23-B3AC-F1FBD087382D}.Debug|Any CPU.ActiveCfg = Debug|Any CPU
		{80166592-96CC-4A23-B3AC-F1FBD087382D}.Debug|Any CPU.Build.0 = Debug|Any CPU
		{80166592-96CC-4A23-B3AC-F1FBD087382D}.Release|Any CPU.ActiveCfg = Release|Any CPU
		{80166592-96CC-4A23-B3AC-F1FBD087382D}.Release|Any CPU.Build.0 = Release|Any CPU
	EndGlobalSection
	GlobalSection(SolutionProperties) = preSolution
		HideSolutionNode = FALSE
	EndGlobalSection
	GlobalSection(ExtensibilityGlobals) = postSolution
		SolutionGuid = {E9E27566-C1E2-465A-AA4D-E9B52C103A5F}
	EndGlobalSection
EndGlobal
